
Microsoft Visual Studio Solution File, Format Version 12.00
# Visual Studio Version 17
VisualStudioVersion = 17.6.33717.318
MinimumVisualStudioVersion = 10.0.40219.1
Project("{FAE04EC0-301F-11D3-BF4B-00C04F79EFBC}") = "JingNeng-MES", "JingNeng-MES\JingNeng-MES.csproj", "{D563DEDF-872A-4443-9130-10DA220C82C1}"
EndProject
Global
	GlobalSection(SolutionConfigurationPlatforms) = preSolution
		Debug|Any CPU = Debug|Any CPU
		Release|Any CPU = Release|Any CPU
	EndGlobalSection
	GlobalSection(ProjectConfigurationPlatforms) = postSolution
		{D563DEDF-872A-4443-9130-10DA220C82C1}.Debug|Any CPU.ActiveCfg = Debug|Any CPU
		{D563DEDF-872A-4443-9130-10DA220C82C1}.Debug|Any CPU.Build.0 = Debug|Any CPU
		{D563DEDF-872A-4443-9130-10DA220C82C1}.Release|Any CPU.ActiveCfg = Release|Any CPU
		{D563DEDF-872A-4443-9130-10DA220C82C1}.Release|Any CPU.Build.0 = Release|Any CPU
	EndGlobalSection
	GlobalSection(SolutionProperties) = preSolution
		HideSolutionNode = FALSE
	EndGlobalSection
	GlobalSection(ExtensibilityGlobals) = postSolution
		SolutionGuid = {442C69A9-93C3-4D7E-AE46-5B130603EDDB}
	EndGlobalSection
EndGlobal
